
Microsoft Visual Studio Solution File, Format Version 12.00
# Visual Studio Version 17
VisualStudioVersion = 17.3.32922.545
MinimumVisualStudioVersion = 10.0.40219.1
Project("{FAE04EC0-301F-11D3-BF4B-00C04F79EFBC}") = "RonVsKanye", "RonVsKanye\RonVsKanye.csproj", "{4DCF98D5-2FDB-45AA-9315-D424E416ABC6}"
EndProject
Global
	GlobalSection(SolutionConfigurationPlatforms) = preSolution
		Debug|Any CPU = Debug|Any CPU
		Release|Any CPU = Release|Any CPU
	EndGlobalSection
	GlobalSection(ProjectConfigurationPlatforms) = postSolution
		{4DCF98D5-2FDB-45AA-9315-D424E416ABC6}.Debug|Any CPU.ActiveCfg = Debug|Any CPU
		{4DCF98D5-2FDB-45AA-9315-D424E416ABC6}.Debug|Any CPU.Build.0 = Debug|Any CPU
		{4DCF98D5-2FDB-45AA-9315-D424E416ABC6}.Release|Any CPU.ActiveCfg = Release|Any CPU
		{4DCF98D5-2FDB-45AA-9315-D424E416ABC6}.Release|Any CPU.Build.0 = Release|Any CPU
	EndGlobalSection
	GlobalSection(SolutionProperties) = preSolution
		HideSolutionNode = FALSE
	EndGlobalSection
	GlobalSection(ExtensibilityGlobals) = postSolution
		SolutionGuid = {3451AD67-B4D8-4518-A9A1-456555DE4563}
	EndGlobalSection
EndGlobal
